
Microsoft Visual Studio Solution File, Format Version 12.00
# Visual Studio Version 16
VisualStudioVersion = 16.0.28729.10
MinimumVisualStudioVersion = 10.0.40219.1
Project("{FAE04EC0-301F-11D3-BF4B-00C04F79EFBC}") = "ADBMSpro01", "ADBMSpro01\ADBMSpro01.csproj", "{B158C3F8-A932-45E2-BE15-92B03C59AB27}"
EndProject
Global
	GlobalSection(SolutionConfigurationPlatforms) = preSolution
		Debug|Any CPU = Debug|Any CPU
		Release|Any CPU = Release|Any CPU
	EndGlobalSection
	GlobalSection(ProjectConfigurationPlatforms) = postSolution
		{B158C3F8-A932-45E2-BE15-92B03C59AB27}.Debug|Any CPU.ActiveCfg = Debug|Any CPU
		{B158C3F8-A932-45E2-BE15-92B03C59AB27}.Debug|Any CPU.Build.0 = Debug|Any CPU
		{B158C3F8-A932-45E2-BE15-92B03C59AB27}.Release|Any CPU.ActiveCfg = Release|Any CPU
		{B158C3F8-A932-45E2-BE15-92B03C59AB27}.Release|Any CPU.Build.0 = Release|Any CPU
	EndGlobalSection
	GlobalSection(SolutionProperties) = preSolution
		HideSolutionNode = FALSE
	EndGlobalSection
	GlobalSection(ExtensibilityGlobals) = postSolution
		SolutionGuid = {54BBEA8F-2FB3-47F9-BBE1-1BA5FB6B69F7}
	EndGlobalSection
EndGlobal
