
Microsoft Visual Studio Solution File, Format Version 12.00
# Visual Studio Version 16
VisualStudioVersion = 16.0.29709.97
MinimumVisualStudioVersion = 10.0.40219.1
Project("{FAE04EC0-301F-11D3-BF4B-00C04F79EFBC}") = "Proj1", "Proj1.csproj", "{90D297D9-4B47-4FC0-A7AC-3484202C5F9D}"
EndProject
Global
	GlobalSection(SolutionConfigurationPlatforms) = preSolution
		Debug|Any CPU = Debug|Any CPU
		Release|Any CPU = Release|Any CPU
	EndGlobalSection
	GlobalSection(ProjectConfigurationPlatforms) = postSolution
		{90D297D9-4B47-4FC0-A7AC-3484202C5F9D}.Debug|Any CPU.ActiveCfg = Debug|Any CPU
		{90D297D9-4B47-4FC0-A7AC-3484202C5F9D}.Debug|Any CPU.Build.0 = Debug|Any CPU
		{90D297D9-4B47-4FC0-A7AC-3484202C5F9D}.Release|Any CPU.ActiveCfg = Release|Any CPU
		{90D297D9-4B47-4FC0-A7AC-3484202C5F9D}.Release|Any CPU.Build.0 = Release|Any CPU
	EndGlobalSection
	GlobalSection(SolutionProperties) = preSolution
		HideSolutionNode = FALSE
	EndGlobalSection
	GlobalSection(ExtensibilityGlobals) = postSolution
		SolutionGuid = {9B313B37-E8B8-4FE7-A5F1-DF0AF22FECD0}
	EndGlobalSection
EndGlobal
